
Microsoft Visual Studio Solution File, Format Version 12.00
# Visual Studio 15
Project("{FAE04EC0-301F-11D3-BF4B-00C04F79EFBC}") = "GeneticAlgorithm", "GeneticAlgorithm\GeneticAlgorithm.csproj", "{AE3DCA27-7449-4D02-85FA-5452C46BB839}"
EndProject
Global
	GlobalSection(SolutionConfigurationPlatforms) = preSolution
		Debug|Any CPU = Debug|Any CPU
		Release|Any CPU = Release|Any CPU
	EndGlobalSection
	GlobalSection(ProjectConfigurationPlatforms) = postSolution
		{AE3DCA27-7449-4D02-85FA-5452C46BB839}.Debug|Any CPU.ActiveCfg = Debug|Any CPU
		{AE3DCA27-7449-4D02-85FA-5452C46BB839}.Debug|Any CPU.Build.0 = Debug|Any CPU
		{AE3DCA27-7449-4D02-85FA-5452C46BB839}.Release|Any CPU.ActiveCfg = Release|Any CPU
		{AE3DCA27-7449-4D02-85FA-5452C46BB839}.Release|Any CPU.Build.0 = Release|Any CPU
	EndGlobalSection
EndGlobal
